
Microsoft Visual Studio Solution File, Format Version 12.00
# Visual Studio Version 16
VisualStudioVersion = 16.0.30611.23
MinimumVisualStudioVersion = 10.0.40219.1
Project("{FAE04EC0-301F-11D3-BF4B-00C04F79EFBC}") = "DotnetCore3Templates.StaticCodeAnalyzersSetup", "DotnetCore3Templates.StaticCodeAnalyzersSetup\DotnetCore3Templates.StaticCodeAnalyzersSetup.csproj", "{70B5473F-81CD-405D-9967-CC50B3655D07}"
EndProject
Global
	GlobalSection(SolutionConfigurationPlatforms) = preSolution
		Debug|Any CPU = Debug|Any CPU
		Release|Any CPU = Release|Any CPU
	EndGlobalSection
	GlobalSection(ProjectConfigurationPlatforms) = postSolution
		{70B5473F-81CD-405D-9967-CC50B3655D07}.Debug|Any CPU.ActiveCfg = Debug|Any CPU
		{70B5473F-81CD-405D-9967-CC50B3655D07}.Debug|Any CPU.Build.0 = Debug|Any CPU
		{70B5473F-81CD-405D-9967-CC50B3655D07}.Release|Any CPU.ActiveCfg = Release|Any CPU
		{70B5473F-81CD-405D-9967-CC50B3655D07}.Release|Any CPU.Build.0 = Release|Any CPU
	EndGlobalSection
	GlobalSection(SolutionProperties) = preSolution
		HideSolutionNode = FALSE
	EndGlobalSection
	GlobalSection(ExtensibilityGlobals) = postSolution
		SolutionGuid = {CE97688A-D767-4364-BB94-47A03B2C9722}
	EndGlobalSection
EndGlobal
